
Microsoft Visual Studio Solution File, Format Version 12.00
# Visual Studio Version 17
VisualStudioVersion = 17.7.34024.191
MinimumVisualStudioVersion = 10.0.40219.1
Project("{FAE04EC0-301F-11D3-BF4B-00C04F79EFBC}") = "5. Working with Strings", "5. Working with Strings\5. Working with Strings.csproj", "{67D515D1-2DA1-4C2D-8AB6-AD90F16E1381}"
EndProject
Global
	GlobalSection(SolutionConfigurationPlatforms) = preSolution
		Debug|Any CPU = Debug|Any CPU
		Release|Any CPU = Release|Any CPU
	EndGlobalSection
	GlobalSection(ProjectConfigurationPlatforms) = postSolution
		{67D515D1-2DA1-4C2D-8AB6-AD90F16E1381}.Debug|Any CPU.ActiveCfg = Debug|Any CPU
		{67D515D1-2DA1-4C2D-8AB6-AD90F16E1381}.Debug|Any CPU.Build.0 = Debug|Any CPU
		{67D515D1-2DA1-4C2D-8AB6-AD90F16E1381}.Release|Any CPU.ActiveCfg = Release|Any CPU
		{67D515D1-2DA1-4C2D-8AB6-AD90F16E1381}.Release|Any CPU.Build.0 = Release|Any CPU
	EndGlobalSection
	GlobalSection(SolutionProperties) = preSolution
		HideSolutionNode = FALSE
	EndGlobalSection
	GlobalSection(ExtensibilityGlobals) = postSolution
		SolutionGuid = {37EB84C9-709D-4CF1-8461-46DC05A7E0A0}
	EndGlobalSection
EndGlobal
